
Microsoft Visual Studio Solution File, Format Version 12.00
# Visual Studio Version 16
VisualStudioVersion = 16.0.31729.503
MinimumVisualStudioVersion = 10.0.40219.1
Project("{FAE04EC0-301F-11D3-BF4B-00C04F79EFBC}") = "Collections", "Collections\Collections.csproj", "{2EF974B5-CB24-444F-ADFA-7760758E165D}"
EndProject
Global
	GlobalSection(SolutionConfigurationPlatforms) = preSolution
		Debug|Any CPU = Debug|Any CPU
		Release|Any CPU = Release|Any CPU
	EndGlobalSection
	GlobalSection(ProjectConfigurationPlatforms) = postSolution
		{2EF974B5-CB24-444F-ADFA-7760758E165D}.Debug|Any CPU.ActiveCfg = Debug|Any CPU
		{2EF974B5-CB24-444F-ADFA-7760758E165D}.Debug|Any CPU.Build.0 = Debug|Any CPU
		{2EF974B5-CB24-444F-ADFA-7760758E165D}.Release|Any CPU.ActiveCfg = Release|Any CPU
		{2EF974B5-CB24-444F-ADFA-7760758E165D}.Release|Any CPU.Build.0 = Release|Any CPU
	EndGlobalSection
	GlobalSection(SolutionProperties) = preSolution
		HideSolutionNode = FALSE
	EndGlobalSection
	GlobalSection(ExtensibilityGlobals) = postSolution
		SolutionGuid = {9B8555BE-57D8-4CE2-A943-621CB076AC8B}
	EndGlobalSection
EndGlobal
