
Microsoft Visual Studio Solution File, Format Version 12.00
# Visual Studio Version 16
VisualStudioVersion = 16.0.31729.503
MinimumVisualStudioVersion = 10.0.40219.1
Project("{FAE04EC0-301F-11D3-BF4B-00C04F79EFBC}") = "IntroReflection", "IntroReflection\IntroReflection.csproj", "{477440F2-E695-4FA8-87A4-F6FDAE7D0B48}"
EndProject
Global
	GlobalSection(SolutionConfigurationPlatforms) = preSolution
		Debug|Any CPU = Debug|Any CPU
		Release|Any CPU = Release|Any CPU
	EndGlobalSection
	GlobalSection(ProjectConfigurationPlatforms) = postSolution
		{477440F2-E695-4FA8-87A4-F6FDAE7D0B48}.Debug|Any CPU.ActiveCfg = Debug|Any CPU
		{477440F2-E695-4FA8-87A4-F6FDAE7D0B48}.Debug|Any CPU.Build.0 = Debug|Any CPU
		{477440F2-E695-4FA8-87A4-F6FDAE7D0B48}.Release|Any CPU.ActiveCfg = Release|Any CPU
		{477440F2-E695-4FA8-87A4-F6FDAE7D0B48}.Release|Any CPU.Build.0 = Release|Any CPU
	EndGlobalSection
	GlobalSection(SolutionProperties) = preSolution
		HideSolutionNode = FALSE
	EndGlobalSection
	GlobalSection(ExtensibilityGlobals) = postSolution
		SolutionGuid = {449AA707-11D4-4D7F-B437-05E1FA2EAE7A}
	EndGlobalSection
EndGlobal
