
Microsoft Visual Studio Solution File, Format Version 12.00
# Visual Studio Version 16
VisualStudioVersion = 16.0.31729.503
MinimumVisualStudioVersion = 10.0.40219.1
Project("{FAE04EC0-301F-11D3-BF4B-00C04F79EFBC}") = "ObservableCollection", "ObservableCollection\ObservableCollection.csproj", "{27EA4A42-5B76-49ED-9D98-A0136808C56B}"
EndProject
Global
	GlobalSection(SolutionConfigurationPlatforms) = preSolution
		Debug|Any CPU = Debug|Any CPU
		Release|Any CPU = Release|Any CPU
	EndGlobalSection
	GlobalSection(ProjectConfigurationPlatforms) = postSolution
		{27EA4A42-5B76-49ED-9D98-A0136808C56B}.Debug|Any CPU.ActiveCfg = Debug|Any CPU
		{27EA4A42-5B76-49ED-9D98-A0136808C56B}.Debug|Any CPU.Build.0 = Debug|Any CPU
		{27EA4A42-5B76-49ED-9D98-A0136808C56B}.Release|Any CPU.ActiveCfg = Release|Any CPU
		{27EA4A42-5B76-49ED-9D98-A0136808C56B}.Release|Any CPU.Build.0 = Release|Any CPU
	EndGlobalSection
	GlobalSection(SolutionProperties) = preSolution
		HideSolutionNode = FALSE
	EndGlobalSection
	GlobalSection(ExtensibilityGlobals) = postSolution
		SolutionGuid = {F40EF0E8-1063-4A77-A5AA-4205BC15D862}
	EndGlobalSection
EndGlobal
