
Microsoft Visual Studio Solution File, Format Version 12.00
# Visual Studio Version 16
VisualStudioVersion = 16.0.31729.503
MinimumVisualStudioVersion = 10.0.40219.1
Project("{FAE04EC0-301F-11D3-BF4B-00C04F79EFBC}") = "OperatorOverloadingAndIndex", "OperatorOverloadingAndIndex\OperatorOverloadingAndIndex.csproj", "{5DB04A5A-4559-4804-91DB-12ADEFE65026}"
EndProject
Global
	GlobalSection(SolutionConfigurationPlatforms) = preSolution
		Debug|Any CPU = Debug|Any CPU
		Release|Any CPU = Release|Any CPU
	EndGlobalSection
	GlobalSection(ProjectConfigurationPlatforms) = postSolution
		{5DB04A5A-4559-4804-91DB-12ADEFE65026}.Debug|Any CPU.ActiveCfg = Debug|Any CPU
		{5DB04A5A-4559-4804-91DB-12ADEFE65026}.Debug|Any CPU.Build.0 = Debug|Any CPU
		{5DB04A5A-4559-4804-91DB-12ADEFE65026}.Release|Any CPU.ActiveCfg = Release|Any CPU
		{5DB04A5A-4559-4804-91DB-12ADEFE65026}.Release|Any CPU.Build.0 = Release|Any CPU
	EndGlobalSection
	GlobalSection(SolutionProperties) = preSolution
		HideSolutionNode = FALSE
	EndGlobalSection
	GlobalSection(ExtensibilityGlobals) = postSolution
		SolutionGuid = {E97D6CE7-572F-47B7-B9BA-9F729C423330}
	EndGlobalSection
EndGlobal
