
Microsoft Visual Studio Solution File, Format Version 12.00
# Visual Studio Version 16
VisualStudioVersion = 16.0.31729.503
MinimumVisualStudioVersion = 10.0.40219.1
Project("{FAE04EC0-301F-11D3-BF4B-00C04F79EFBC}") = "AnonymousTypes", "AnonymousTypes\AnonymousTypes.csproj", "{EFFBC2F3-0CB7-4E7F-B5A8-9883EDC07326}"
EndProject
Project("{FAE04EC0-301F-11D3-BF4B-00C04F79EFBC}") = "ExtensionMethods", "ExtensionMethods\ExtensionMethods.csproj", "{4A660218-96A1-4FF2-BE91-B75588E4205A}"
EndProject
Global
	GlobalSection(SolutionConfigurationPlatforms) = preSolution
		Debug|Any CPU = Debug|Any CPU
		Release|Any CPU = Release|Any CPU
	EndGlobalSection
	GlobalSection(ProjectConfigurationPlatforms) = postSolution
		{EFFBC2F3-0CB7-4E7F-B5A8-9883EDC07326}.Debug|Any CPU.ActiveCfg = Debug|Any CPU
		{EFFBC2F3-0CB7-4E7F-B5A8-9883EDC07326}.Debug|Any CPU.Build.0 = Debug|Any CPU
		{EFFBC2F3-0CB7-4E7F-B5A8-9883EDC07326}.Release|Any CPU.ActiveCfg = Release|Any CPU
		{EFFBC2F3-0CB7-4E7F-B5A8-9883EDC07326}.Release|Any CPU.Build.0 = Release|Any CPU
		{4A660218-96A1-4FF2-BE91-B75588E4205A}.Debug|Any CPU.ActiveCfg = Debug|Any CPU
		{4A660218-96A1-4FF2-BE91-B75588E4205A}.Debug|Any CPU.Build.0 = Debug|Any CPU
		{4A660218-96A1-4FF2-BE91-B75588E4205A}.Release|Any CPU.ActiveCfg = Release|Any CPU
		{4A660218-96A1-4FF2-BE91-B75588E4205A}.Release|Any CPU.Build.0 = Release|Any CPU
	EndGlobalSection
	GlobalSection(SolutionProperties) = preSolution
		HideSolutionNode = FALSE
	EndGlobalSection
	GlobalSection(ExtensibilityGlobals) = postSolution
		SolutionGuid = {D15823E3-2778-47C7-B9C2-A50BB409A33F}
	EndGlobalSection
EndGlobal
